
Microsoft Visual Studio Solution File, Format Version 12.00
# Visual Studio Version 16
VisualStudioVersion = 16.0.30114.105
MinimumVisualStudioVersion = 10.0.40219.1
Project("{FAE04EC0-301F-11D3-BF4B-00C04F79EFBC}") = "Tcc-Senai", "Tcc-Senai\Tcc-Senai.csproj", "{8B7070D5-837A-438D-96AD-4B3D0D72C48B}"
EndProject
Global
	GlobalSection(SolutionConfigurationPlatforms) = preSolution
		Debug|Any CPU = Debug|Any CPU
		Release|Any CPU = Release|Any CPU
	EndGlobalSection
	GlobalSection(ProjectConfigurationPlatforms) = postSolution
		{8B7070D5-837A-438D-96AD-4B3D0D72C48B}.Debug|Any CPU.ActiveCfg = Debug|Any CPU
		{8B7070D5-837A-438D-96AD-4B3D0D72C48B}.Debug|Any CPU.Build.0 = Debug|Any CPU
		{8B7070D5-837A-438D-96AD-4B3D0D72C48B}.Release|Any CPU.ActiveCfg = Release|Any CPU
		{8B7070D5-837A-438D-96AD-4B3D0D72C48B}.Release|Any CPU.Build.0 = Release|Any CPU
	EndGlobalSection
	GlobalSection(SolutionProperties) = preSolution
		HideSolutionNode = FALSE
	EndGlobalSection
	GlobalSection(ExtensibilityGlobals) = postSolution
		SolutionGuid = {8B693474-5277-41D9-BF0B-5A0125429D77}
	EndGlobalSection
EndGlobal
