
Microsoft Visual Studio Solution File, Format Version 12.00
# Visual Studio Version 16
VisualStudioVersion = 16.0.30114.105
MinimumVisualStudioVersion = 10.0.40219.1
Project("{FAE04EC0-301F-11D3-BF4B-00C04F79EFBC}") = "TCC-Senai", "TCC-Senai\TCC-Senai.csproj", "{A352BFEF-5B52-41DC-BDFD-EEB1F774E53D}"
EndProject
Global
	GlobalSection(SolutionConfigurationPlatforms) = preSolution
		Debug|Any CPU = Debug|Any CPU
		Release|Any CPU = Release|Any CPU
	EndGlobalSection
	GlobalSection(ProjectConfigurationPlatforms) = postSolution
		{A352BFEF-5B52-41DC-BDFD-EEB1F774E53D}.Debug|Any CPU.ActiveCfg = Debug|Any CPU
		{A352BFEF-5B52-41DC-BDFD-EEB1F774E53D}.Debug|Any CPU.Build.0 = Debug|Any CPU
		{A352BFEF-5B52-41DC-BDFD-EEB1F774E53D}.Release|Any CPU.ActiveCfg = Release|Any CPU
		{A352BFEF-5B52-41DC-BDFD-EEB1F774E53D}.Release|Any CPU.Build.0 = Release|Any CPU
	EndGlobalSection
	GlobalSection(SolutionProperties) = preSolution
		HideSolutionNode = FALSE
	EndGlobalSection
	GlobalSection(ExtensibilityGlobals) = postSolution
		SolutionGuid = {2B22599D-CE4B-47D4-9A89-E20200E1AA3D}
	EndGlobalSection
EndGlobal
